{
  "name": "new-hunter",
  "version": "1.0.0",
  "lockfileVersion": 2,
  "requires": true,
  "packages": {
    "": {
      "name": "new-hunter",
      "version": "1.0.0",
      "license": "ISC",
      "dependencies": {
        "keysender": "^2.3.0",
        "node-screenshots": "^0.2.0",
        "screenshot-desktop": "^1.15.0"
      }
    },
    "node_modules/balanced-match": {
      "version": "1.0.2",
      "resolved": "https://registry.npmjs.org/balanced-match/-/balanced-match-1.0.2.tgz",
      "integrity": "sha512-3oSeUO0TMV67hN1AmbXsK4yaqU7tjiHlbxRDZOpH0KW9+CeX4bRAaX0Anxt0tx2MrpRpWwQaPwIlISEJhYU5Pw=="
    },
    "node_modules/brace-expansion": {
      "version": "1.1.11",
      "resolved": "https://registry.npmjs.org/brace-expansion/-/brace-expansion-1.1.11.tgz",
      "integrity": "sha512-iCuPHDFgrHX7H2vEI/5xpz07zSHB00TpugqhmYtVmMO6518mCuRMoOYFldEBl0g187ufozdaHgWKcYFb61qGiA==",
      "dependencies": {
        "balanced-match": "^1.0.0",
        "concat-map": "0.0.1"
      }
    },
    "node_modules/concat-map": {
      "version": "0.0.1",
      "resolved": "https://registry.npmjs.org/concat-map/-/concat-map-0.0.1.tgz",
      "integrity": "sha512-/Srv4dswyQNBfohGpz9o6Yb3Gz3SrUDqBH5rTuhGR7ahtlbYKnVxw2bCFMRljaA7EXHaXZ8wsHdodFvbkhKmqg=="
    },
    "node_modules/fs.realpath": {
      "version": "1.0.0",
      "resolved": "https://registry.npmjs.org/fs.realpath/-/fs.realpath-1.0.0.tgz",
      "integrity": "sha512-OO0pH2lK6a0hZnAdau5ItzHPI6pUlvI7jMVnxUQRtw4owF2wk8lOSabtGDCTP4Ggrg2MbGnWO9X8K1t4+fGMDw=="
    },
    "node_modules/glob": {
      "version": "7.2.3",
      "resolved": "https://registry.npmjs.org/glob/-/glob-7.2.3.tgz",
      "integrity": "sha512-nFR0zLpU2YCaRxwoCJvL6UvCH2JFyFVIvwTLsIf21AuHlMskA1hhTdk+LlYJtOlYt9v6dvszD2BGRqBL+iQK9Q==",
      "dependencies": {
        "fs.realpath": "^1.0.0",
        "inflight": "^1.0.4",
        "inherits": "2",
        "minimatch": "^3.1.1",
        "once": "^1.3.0",
        "path-is-absolute": "^1.0.0"
      },
      "engines": {
        "node": "*"
      },
      "funding": {
        "url": "https://github.com/sponsors/isaacs"
      }
    },
    "node_modules/inflight": {
      "version": "1.0.6",
      "resolved": "https://registry.npmjs.org/inflight/-/inflight-1.0.6.tgz",
      "integrity": "sha512-k92I/b08q4wvFscXCLvqfsHCrjrF7yiXsQuIVvVE7N82W3+aqpzuUdBbfhWcy/FZR3/4IgflMgKLOsvPDrGCJA==",
      "dependencies": {
        "once": "^1.3.0",
        "wrappy": "1"
      }
    },
    "node_modules/inherits": {
      "version": "2.0.4",
      "resolved": "https://registry.npmjs.org/inherits/-/inherits-2.0.4.tgz",
      "integrity": "sha512-k/vGaX4/Yla3WzyMCvTQOXYeIHvqOKtnqBduzTHpzpQZzAskKMhZ2K+EnBiSM9zGSoIFeMpXKxa4dYeZIQqewQ=="
    },
    "node_modules/keysender": {
      "version": "2.3.0",
      "resolved": "https://registry.npmjs.org/keysender/-/keysender-2.3.0.tgz",
      "integrity": "sha512-PoQOdynoiRUGydBPpUixBPg/FViNRrAVfLsVTa3G1eNVjdl8z/5uQ3SThQkW544Iw95BoGKbzozZvNSNg5yovw==",
      "hasInstallScript": true,
      "dependencies": {
        "node-addon-api": "^5.1.0"
      }
    },
    "node_modules/minimatch": {
      "version": "3.1.2",
      "resolved": "https://registry.npmjs.org/minimatch/-/minimatch-3.1.2.tgz",
      "integrity": "sha512-J7p63hRiAjw1NDEww1W7i37+ByIrOWO5XQQAzZ3VOcL0PNybwpfmV/N05zFAzwQ9USyEcX6t3UO+K5aqBQOIHw==",
      "dependencies": {
        "brace-expansion": "^1.1.7"
      },
      "engines": {
        "node": "*"
      }
    },
    "node_modules/minimist": {
      "version": "1.2.8",
      "resolved": "https://registry.npmjs.org/minimist/-/minimist-1.2.8.tgz",
      "integrity": "sha512-2yyAR8qBkN3YuheJanUpWC5U3bb5osDywNB8RzDVlDwDHbocAJveqqj1u8+SVD7jkWT4yvsHCpWqqWqAxb0zCA==",
      "funding": {
        "url": "https://github.com/sponsors/ljharb"
      }
    },
    "node_modules/mkdirp": {
      "version": "0.5.6",
      "resolved": "https://registry.npmjs.org/mkdirp/-/mkdirp-0.5.6.tgz",
      "integrity": "sha512-FP+p8RB8OWpF3YZBCrP5gtADmtXApB5AMLn+vdyA+PyxCjrCs00mjyUozssO33cwDeT3wNGdLxJ5M//YqtHAJw==",
      "dependencies": {
        "minimist": "^1.2.6"
      },
      "bin": {
        "mkdirp": "bin/cmd.js"
      }
    },
    "node_modules/node-addon-api": {
      "version": "5.1.0",
      "resolved": "https://registry.npmjs.org/node-addon-api/-/node-addon-api-5.1.0.tgz",
      "integrity": "sha512-eh0GgfEkpnoWDq+VY8OyvYhFEzBk6jIYbRKdIlyTiAXIVJ8PyBaKb0rp7oDtoddbdoHWhq8wwr+XZ81F1rpNdA=="
    },
    "node_modules/node-screenshots": {
      "version": "0.2.0",
      "resolved": "https://registry.npmjs.org/node-screenshots/-/node-screenshots-0.2.0.tgz",
      "integrity": "sha512-O5WvrA/Mrreetaswc60/Uv90+6d4gHlI3CLfb+0NWN/h/Fl5sTSNC7iq21rHOgxuQT/nhIFyr+eATUx4nIf6EA==",
      "engines": {
        "node": ">= 10"
      },
      "optionalDependencies": {
        "node-screenshots-darwin-arm64": "0.2.0",
        "node-screenshots-darwin-universal": "0.2.0",
        "node-screenshots-darwin-x64": "0.2.0",
        "node-screenshots-linux-x64-gnu": "0.2.0",
        "node-screenshots-linux-x64-musl": "0.2.0",
        "node-screenshots-win32-arm64-msvc": "0.2.0",
        "node-screenshots-win32-ia32-msvc": "0.2.0",
        "node-screenshots-win32-x64-msvc": "0.2.0"
      }
    },
    "node_modules/node-screenshots-darwin-arm64": {
      "version": "0.2.0",
      "resolved": "https://registry.npmjs.org/node-screenshots-darwin-arm64/-/node-screenshots-darwin-arm64-0.2.0.tgz",
      "integrity": "sha512-dr7Q9L8NG84s28Hxo4qDKbm6EByG8yiNMW1yuWKjyZTqTZINuS8n6UjJT8bv0Ly5pzfK9suN7mvjeggU8D4Mdg==",
      "cpu": [
        "arm64"
      ],
      "optional": true,
      "os": [
        "darwin"
      ],
      "engines": {
        "node": ">= 10"
      }
    },
    "node_modules/node-screenshots-darwin-universal": {
      "version": "0.2.0",
      "resolved": "https://registry.npmjs.org/node-screenshots-darwin-universal/-/node-screenshots-darwin-universal-0.2.0.tgz",
      "integrity": "sha512-HFgTg/b68Q4SkmFqI8CSHo2i/48uZXHMuwnguMzjJkdkzpqyxuwkWrTqT8+rmav1dkbwCdbqX7KQl88WZRCKew==",
      "optional": true,
      "os": [
        "darwin"
      ],
      "engines": {
        "node": ">= 10"
      }
    },
    "node_modules/node-screenshots-darwin-x64": {
      "version": "0.2.0",
      "resolved": "https://registry.npmjs.org/node-screenshots-darwin-x64/-/node-screenshots-darwin-x64-0.2.0.tgz",
      "integrity": "sha512-26Er7a+ian+Foze6XyRAtZaL4GvOENBnjREpZ5ccGy4HbVsCIYTgQEn8xxBQWa4mVSYcDr+BeuA5xQ2NJH6o+Q==",
      "cpu": [
        "x64"
      ],
      "optional": true,
      "os": [
        "darwin"
      ],
      "engines": {
        "node": ">= 10"
      }
    },
    "node_modules/node-screenshots-linux-x64-gnu": {
      "version": "0.2.0",
      "resolved": "https://registry.npmjs.org/node-screenshots-linux-x64-gnu/-/node-screenshots-linux-x64-gnu-0.2.0.tgz",
      "integrity": "sha512-atFbna9yRxgGB9LmxrdrTM2X2rn8Pm/BOcU73VRTW0EM4cWAQxexVntXvNhvSZmK6NYY6M7/sFJuBsa2bMb0Tg==",
      "cpu": [
        "x64"
      ],
      "optional": true,
      "os": [
        "linux"
      ],
      "engines": {
        "node": ">= 10"
      }
    },
    "node_modules/node-screenshots-linux-x64-musl": {
      "version": "0.2.0",
      "resolved": "https://registry.npmjs.org/node-screenshots-linux-x64-musl/-/node-screenshots-linux-x64-musl-0.2.0.tgz",
      "integrity": "sha512-hGRhDxHujJVW9eYe0KsuA425Y8UK+U4PiKGvfe2X9oj7+XoOaDgChVW4THp2XgeVcvp1HsbtoE0vb3GEsAcwSg==",
      "cpu": [
        "x64"
      ],
      "optional": true,
      "os": [
        "linux"
      ],
      "engines": {
        "node": ">= 10"
      }
    },
    "node_modules/node-screenshots-win32-arm64-msvc": {
      "version": "0.2.0",
      "resolved": "https://registry.npmjs.org/node-screenshots-win32-arm64-msvc/-/node-screenshots-win32-arm64-msvc-0.2.0.tgz",
      "integrity": "sha512-74HW5d/Uk+vP0W+f/SHxWl4JCw2YuYsCKmHlgsBxuC+WgCkD6WoHbpML0iefQzb2HkM+zScITyVNCWokdiQRAw==",
      "cpu": [
        "arm64"
      ],
      "optional": true,
      "os": [
        "win32"
      ],
      "engines": {
        "node": ">= 10"
      }
    },
    "node_modules/node-screenshots-win32-ia32-msvc": {
      "version": "0.2.0",
      "resolved": "https://registry.npmjs.org/node-screenshots-win32-ia32-msvc/-/node-screenshots-win32-ia32-msvc-0.2.0.tgz",
      "integrity": "sha512-A8gksrGw0S+v9JiLUbs4N4nstqwDggI1WMqEnthcXWj/uhxXTh2EXKblcoztfJQj+g1eBRSkB+buIIlywSzI7Q==",
      "cpu": [
        "ia32"
      ],
      "optional": true,
      "os": [
        "win32"
      ],
      "engines": {
        "node": ">= 10"
      }
    },
    "node_modules/node-screenshots-win32-x64-msvc": {
      "version": "0.2.0",
      "resolved": "https://registry.npmjs.org/node-screenshots-win32-x64-msvc/-/node-screenshots-win32-x64-msvc-0.2.0.tgz",
      "integrity": "sha512-a9fKNHrNMk1RgJ/hhZD6Xk6p+WX0zAoLZoQGfrb06vUqCcfmgda8i+c4Y1WGlYBvQY9u929Cfe1OhXmznhFd9A==",
      "cpu": [
        "x64"
      ],
      "optional": true,
      "os": [
        "win32"
      ],
      "engines": {
        "node": ">= 10"
      }
    },
    "node_modules/once": {
      "version": "1.4.0",
      "resolved": "https://registry.npmjs.org/once/-/once-1.4.0.tgz",
      "integrity": "sha512-lNaJgI+2Q5URQBkccEKHTQOPaXdUxnZZElQTZY0MFUAuaEqe1E+Nyvgdz/aIyNi6Z9MzO5dv1H8n58/GELp3+w==",
      "dependencies": {
        "wrappy": "1"
      }
    },
    "node_modules/path-is-absolute": {
      "version": "1.0.1",
      "resolved": "https://registry.npmjs.org/path-is-absolute/-/path-is-absolute-1.0.1.tgz",
      "integrity": "sha512-AVbw3UJ2e9bq64vSaS9Am0fje1Pa8pbGqTTsmXfaIiMpnr5DlDhfJOuLj9Sf95ZPVDAUerDfEk88MPmPe7UCQg==",
      "engines": {
        "node": ">=0.10.0"
      }
    },
    "node_modules/rimraf": {
      "version": "2.6.3",
      "resolved": "https://registry.npmjs.org/rimraf/-/rimraf-2.6.3.tgz",
      "integrity": "sha512-mwqeW5XsA2qAejG46gYdENaxXjx9onRNCfn7L0duuP4hCuTIi/QO7PDK07KJfp1d+izWPrzEJDcSqBa0OZQriA==",
      "dependencies": {
        "glob": "^7.1.3"
      },
      "bin": {
        "rimraf": "bin.js"
      }
    },
    "node_modules/screenshot-desktop": {
      "version": "1.15.0",
      "resolved": "https://registry.npmjs.org/screenshot-desktop/-/screenshot-desktop-1.15.0.tgz",
      "integrity": "sha512-CLaZNBDEXU+KJ6BGsO8jSbKI7Zck7gQmFJHjzluBdwrVP0jOemP2avpD3ufWu81yqzwB92u2AMv+K9IlaslRsg==",
      "funding": [
        {
          "type": "github",
          "url": "https://github.com/sponsors/bencevans"
        }
      ],
      "dependencies": {
        "temp": "^0.9.4"
      }
    },
    "node_modules/temp": {
      "version": "0.9.4",
      "resolved": "https://registry.npmjs.org/temp/-/temp-0.9.4.tgz",
      "integrity": "sha512-yYrrsWnrXMcdsnu/7YMYAofM1ktpL5By7vZhf15CrXijWWrEYZks5AXBudalfSWJLlnen/QUJUB5aoB0kqZUGA==",
      "dependencies": {
        "mkdirp": "^0.5.1",
        "rimraf": "~2.6.2"
      },
      "engines": {
        "node": ">=6.0.0"
      }
    },
    "node_modules/wrappy": {
      "version": "1.0.2",
      "resolved": "https://registry.npmjs.org/wrappy/-/wrappy-1.0.2.tgz",
      "integrity": "sha512-l4Sp/DRseor9wL6EvV2+TuQn63dMkPjZ/sp9XkghTEbV9KlPS1xUsZ3u7/IQO4wxtcFB4bgpQPRcR3QCvezPcQ=="
    }
  },
  "dependencies": {
    "balanced-match": {
      "version": "1.0.2",
      "resolved": "https://registry.npmjs.org/balanced-match/-/balanced-match-1.0.2.tgz",
      "integrity": "sha512-3oSeUO0TMV67hN1AmbXsK4yaqU7tjiHlbxRDZOpH0KW9+CeX4bRAaX0Anxt0tx2MrpRpWwQaPwIlISEJhYU5Pw=="
    },
    "brace-expansion": {
      "version": "1.1.11",
      "resolved": "https://registry.npmjs.org/brace-expansion/-/brace-expansion-1.1.11.tgz",
      "integrity": "sha512-iCuPHDFgrHX7H2vEI/5xpz07zSHB00TpugqhmYtVmMO6518mCuRMoOYFldEBl0g187ufozdaHgWKcYFb61qGiA==",
      "requires": {
        "balanced-match": "^1.0.0",
        "concat-map": "0.0.1"
      }
    },
    "concat-map": {
      "version": "0.0.1",
      "resolved": "https://registry.npmjs.org/concat-map/-/concat-map-0.0.1.tgz",
      "integrity": "sha512-/Srv4dswyQNBfohGpz9o6Yb3Gz3SrUDqBH5rTuhGR7ahtlbYKnVxw2bCFMRljaA7EXHaXZ8wsHdodFvbkhKmqg=="
    },
    "fs.realpath": {
      "version": "1.0.0",
      "resolved": "https://registry.npmjs.org/fs.realpath/-/fs.realpath-1.0.0.tgz",
      "integrity": "sha512-OO0pH2lK6a0hZnAdau5ItzHPI6pUlvI7jMVnxUQRtw4owF2wk8lOSabtGDCTP4Ggrg2MbGnWO9X8K1t4+fGMDw=="
    },
    "glob": {
      "version": "7.2.3",
      "resolved": "https://registry.npmjs.org/glob/-/glob-7.2.3.tgz",
      "integrity": "sha512-nFR0zLpU2YCaRxwoCJvL6UvCH2JFyFVIvwTLsIf21AuHlMskA1hhTdk+LlYJtOlYt9v6dvszD2BGRqBL+iQK9Q==",
      "requires": {
        "fs.realpath": "^1.0.0",
        "inflight": "^1.0.4",
        "inherits": "2",
        "minimatch": "^3.1.1",
        "once": "^1.3.0",
        "path-is-absolute": "^1.0.0"
      }
    },
    "inflight": {
      "version": "1.0.6",
      "resolved": "https://registry.npmjs.org/inflight/-/inflight-1.0.6.tgz",
      "integrity": "sha512-k92I/b08q4wvFscXCLvqfsHCrjrF7yiXsQuIVvVE7N82W3+aqpzuUdBbfhWcy/FZR3/4IgflMgKLOsvPDrGCJA==",
      "requires": {
        "once": "^1.3.0",
        "wrappy": "1"
      }
    },
    "inherits": {
      "version": "2.0.4",
      "resolved": "https://registry.npmjs.org/inherits/-/inherits-2.0.4.tgz",
      "integrity": "sha512-k/vGaX4/Yla3WzyMCvTQOXYeIHvqOKtnqBduzTHpzpQZzAskKMhZ2K+EnBiSM9zGSoIFeMpXKxa4dYeZIQqewQ=="
    },
    "keysender": {
      "version": "2.3.0",
      "resolved": "https://registry.npmjs.org/keysender/-/keysender-2.3.0.tgz",
      "integrity": "sha512-PoQOdynoiRUGydBPpUixBPg/FViNRrAVfLsVTa3G1eNVjdl8z/5uQ3SThQkW544Iw95BoGKbzozZvNSNg5yovw==",
      "requires": {
        "node-addon-api": "^5.1.0"
      }
    },
    "minimatch": {
      "version": "3.1.2",
      "resolved": "https://registry.npmjs.org/minimatch/-/minimatch-3.1.2.tgz",
      "integrity": "sha512-J7p63hRiAjw1NDEww1W7i37+ByIrOWO5XQQAzZ3VOcL0PNybwpfmV/N05zFAzwQ9USyEcX6t3UO+K5aqBQOIHw==",
      "requires": {
        "brace-expansion": "^1.1.7"
      }
    },
    "minimist": {
      "version": "1.2.8",
      "resolved": "https://registry.npmjs.org/minimist/-/minimist-1.2.8.tgz",
      "integrity": "sha512-2yyAR8qBkN3YuheJanUpWC5U3bb5osDywNB8RzDVlDwDHbocAJveqqj1u8+SVD7jkWT4yvsHCpWqqWqAxb0zCA=="
    },
    "mkdirp": {
      "version": "0.5.6",
      "resolved": "https://registry.npmjs.org/mkdirp/-/mkdirp-0.5.6.tgz",
      "integrity": "sha512-FP+p8RB8OWpF3YZBCrP5gtADmtXApB5AMLn+vdyA+PyxCjrCs00mjyUozssO33cwDeT3wNGdLxJ5M//YqtHAJw==",
      "requires": {
        "minimist": "^1.2.6"
      }
    },
    "node-addon-api": {
      "version": "5.1.0",
      "resolved": "https://registry.npmjs.org/node-addon-api/-/node-addon-api-5.1.0.tgz",
      "integrity": "sha512-eh0GgfEkpnoWDq+VY8OyvYhFEzBk6jIYbRKdIlyTiAXIVJ8PyBaKb0rp7oDtoddbdoHWhq8wwr+XZ81F1rpNdA=="
    },
    "node-screenshots": {
      "version": "0.2.0",
      "resolved": "https://registry.npmjs.org/node-screenshots/-/node-screenshots-0.2.0.tgz",
      "integrity": "sha512-O5WvrA/Mrreetaswc60/Uv90+6d4gHlI3CLfb+0NWN/h/Fl5sTSNC7iq21rHOgxuQT/nhIFyr+eATUx4nIf6EA==",
      "requires": {
        "node-screenshots-darwin-arm64": "0.2.0",
        "node-screenshots-darwin-universal": "0.2.0",
        "node-screenshots-darwin-x64": "0.2.0",
        "node-screenshots-linux-x64-gnu": "0.2.0",
        "node-screenshots-linux-x64-musl": "0.2.0",
        "node-screenshots-win32-arm64-msvc": "0.2.0",
        "node-screenshots-win32-ia32-msvc": "0.2.0",
        "node-screenshots-win32-x64-msvc": "0.2.0"
      }
    },
    "node-screenshots-darwin-arm64": {
      "version": "0.2.0",
      "resolved": "https://registry.npmjs.org/node-screenshots-darwin-arm64/-/node-screenshots-darwin-arm64-0.2.0.tgz",
      "integrity": "sha512-dr7Q9L8NG84s28Hxo4qDKbm6EByG8yiNMW1yuWKjyZTqTZINuS8n6UjJT8bv0Ly5pzfK9suN7mvjeggU8D4Mdg==",
      "optional": true
    },
    "node-screenshots-darwin-universal": {
      "version": "0.2.0",
      "resolved": "https://registry.npmjs.org/node-screenshots-darwin-universal/-/node-screenshots-darwin-universal-0.2.0.tgz",
      "integrity": "sha512-HFgTg/b68Q4SkmFqI8CSHo2i/48uZXHMuwnguMzjJkdkzpqyxuwkWrTqT8+rmav1dkbwCdbqX7KQl88WZRCKew==",
      "optional": true
    },
    "node-screenshots-darwin-x64": {
      "version": "0.2.0",
      "resolved": "https://registry.npmjs.org/node-screenshots-darwin-x64/-/node-screenshots-darwin-x64-0.2.0.tgz",
      "integrity": "sha512-26Er7a+ian+Foze6XyRAtZaL4GvOENBnjREpZ5ccGy4HbVsCIYTgQEn8xxBQWa4mVSYcDr+BeuA5xQ2NJH6o+Q==",
      "optional": true
    },
    "node-screenshots-linux-x64-gnu": {
      "version": "0.2.0",
      "resolved": "https://registry.npmjs.org/node-screenshots-linux-x64-gnu/-/node-screenshots-linux-x64-gnu-0.2.0.tgz",
      "integrity": "sha512-atFbna9yRxgGB9LmxrdrTM2X2rn8Pm/BOcU73VRTW0EM4cWAQxexVntXvNhvSZmK6NYY6M7/sFJuBsa2bMb0Tg==",
      "optional": true
    },
    "node-screenshots-linux-x64-musl": {
      "version": "0.2.0",
      "resolved": "https://registry.npmjs.org/node-screenshots-linux-x64-musl/-/node-screenshots-linux-x64-musl-0.2.0.tgz",
      "integrity": "sha512-hGRhDxHujJVW9eYe0KsuA425Y8UK+U4PiKGvfe2X9oj7+XoOaDgChVW4THp2XgeVcvp1HsbtoE0vb3GEsAcwSg==",
      "optional": true
    },
    "node-screenshots-win32-arm64-msvc": {
      "version": "0.2.0",
      "resolved": "https://registry.npmjs.org/node-screenshots-win32-arm64-msvc/-/node-screenshots-win32-arm64-msvc-0.2.0.tgz",
      "integrity": "sha512-74HW5d/Uk+vP0W+f/SHxWl4JCw2YuYsCKmHlgsBxuC+WgCkD6WoHbpML0iefQzb2HkM+zScITyVNCWokdiQRAw==",
      "optional": true
    },
    "node-screenshots-win32-ia32-msvc": {
      "version": "0.2.0",
      "resolved": "https://registry.npmjs.org/node-screenshots-win32-ia32-msvc/-/node-screenshots-win32-ia32-msvc-0.2.0.tgz",
      "integrity": "sha512-A8gksrGw0S+v9JiLUbs4N4nstqwDggI1WMqEnthcXWj/uhxXTh2EXKblcoztfJQj+g1eBRSkB+buIIlywSzI7Q==",
      "optional": true
    },
    "node-screenshots-win32-x64-msvc": {
      "version": "0.2.0",
      "resolved": "https://registry.npmjs.org/node-screenshots-win32-x64-msvc/-/node-screenshots-win32-x64-msvc-0.2.0.tgz",
      "integrity": "sha512-a9fKNHrNMk1RgJ/hhZD6Xk6p+WX0zAoLZoQGfrb06vUqCcfmgda8i+c4Y1WGlYBvQY9u929Cfe1OhXmznhFd9A==",
      "optional": true
    },
    "once": {
      "version": "1.4.0",
      "resolved": "https://registry.npmjs.org/once/-/once-1.4.0.tgz",
      "integrity": "sha512-lNaJgI+2Q5URQBkccEKHTQOPaXdUxnZZElQTZY0MFUAuaEqe1E+Nyvgdz/aIyNi6Z9MzO5dv1H8n58/GELp3+w==",
      "requires": {
        "wrappy": "1"
      }
    },
    "path-is-absolute": {
      "version": "1.0.1",
      "resolved": "https://registry.npmjs.org/path-is-absolute/-/path-is-absolute-1.0.1.tgz",
      "integrity": "sha512-AVbw3UJ2e9bq64vSaS9Am0fje1Pa8pbGqTTsmXfaIiMpnr5DlDhfJOuLj9Sf95ZPVDAUerDfEk88MPmPe7UCQg=="
    },
    "rimraf": {
      "version": "2.6.3",
      "resolved": "https://registry.npmjs.org/rimraf/-/rimraf-2.6.3.tgz",
      "integrity": "sha512-mwqeW5XsA2qAejG46gYdENaxXjx9onRNCfn7L0duuP4hCuTIi/QO7PDK07KJfp1d+izWPrzEJDcSqBa0OZQriA==",
      "requires": {
        "glob": "^7.1.3"
      }
    },
    "screenshot-desktop": {
      "version": "1.15.0",
      "resolved": "https://registry.npmjs.org/screenshot-desktop/-/screenshot-desktop-1.15.0.tgz",
      "integrity": "sha512-CLaZNBDEXU+KJ6BGsO8jSbKI7Zck7gQmFJHjzluBdwrVP0jOemP2avpD3ufWu81yqzwB92u2AMv+K9IlaslRsg==",
      "requires": {
        "temp": "^0.9.4"
      }
    },
    "temp": {
      "version": "0.9.4",
      "resolved": "https://registry.npmjs.org/temp/-/temp-0.9.4.tgz",
      "integrity": "sha512-yYrrsWnrXMcdsnu/7YMYAofM1ktpL5By7vZhf15CrXijWWrEYZks5AXBudalfSWJLlnen/QUJUB5aoB0kqZUGA==",
      "requires": {
        "mkdirp": "^0.5.1",
        "rimraf": "~2.6.2"
      }
    },
    "wrappy": {
      "version": "1.0.2",
      "resolved": "https://registry.npmjs.org/wrappy/-/wrappy-1.0.2.tgz",
      "integrity": "sha512-l4Sp/DRseor9wL6EvV2+TuQn63dMkPjZ/sp9XkghTEbV9KlPS1xUsZ3u7/IQO4wxtcFB4bgpQPRcR3QCvezPcQ=="
    }
  }
}
